
Microsoft Visual Studio Solution File, Format Version 12.00
# Visual Studio Version 16
VisualStudioVersion = 16.0.29411.108
MinimumVisualStudioVersion = 10.0.40219.1
Project("{FAE04EC0-301F-11D3-BF4B-00C04F79EFBC}") = "ClassLibrary1", "ClassLibrary1.csproj", "{745DE7BD-16BC-4FD0-AFDF-FE9CDB0AF3EF}"
EndProject
Global
	GlobalSection(SolutionConfigurationPlatforms) = preSolution
		Debug|Any CPU = Debug|Any CPU
		Release|Any CPU = Release|Any CPU
	EndGlobalSection
	GlobalSection(ProjectConfigurationPlatforms) = postSolution
		{745DE7BD-16BC-4FD0-AFDF-FE9CDB0AF3EF}.Debug|Any CPU.ActiveCfg = Debug|Any CPU
		{745DE7BD-16BC-4FD0-AFDF-FE9CDB0AF3EF}.Debug|Any CPU.Build.0 = Debug|Any CPU
		{745DE7BD-16BC-4FD0-AFDF-FE9CDB0AF3EF}.Release|Any CPU.ActiveCfg = Release|Any CPU
		{745DE7BD-16BC-4FD0-AFDF-FE9CDB0AF3EF}.Release|Any CPU.Build.0 = Release|Any CPU
	EndGlobalSection
	GlobalSection(SolutionProperties) = preSolution
		HideSolutionNode = FALSE
	EndGlobalSection
	GlobalSection(ExtensibilityGlobals) = postSolution
		SolutionGuid = {1793BCB9-9555-48F2-8FEF-EF4A31601DD7}
	EndGlobalSection
EndGlobal
